
Microsoft Visual Studio Solution File, Format Version 12.00
# Visual Studio Version 16
VisualStudioVersion = 16.0.30523.141
MinimumVisualStudioVersion = 10.0.40219.1
Project("{FAE04EC0-301F-11D3-BF4B-00C04F79EFBC}") = "DataTypeFinder", "DataTypeFinder\DataTypeFinder.csproj", "{791408A0-8462-4FDA-A2FD-E3DF6B8FE3B0}"
EndProject
Project("{FAE04EC0-301F-11D3-BF4B-00C04F79EFBC}") = "FromLeftToTheRight", "FromLeftToTheRigth\FromLeftToTheRight.csproj", "{F07FE817-091D-4E82-B3A4-473EB2FC4E6D}"
EndProject
Project("{FAE04EC0-301F-11D3-BF4B-00C04F79EFBC}") = "FloatingEquality", "FloatingEquality\FloatingEquality.csproj", "{D99E1D1C-7EAB-4D66-BF6F-997446959D27}"
EndProject
Project("{FAE04EC0-301F-11D3-BF4B-00C04F79EFBC}") = "PrimeChecker", "PrimeChecker\PrimeChecker.csproj", "{1F2812C4-27DF-4942-A40B-878162BFACB9}"
EndProject
Project("{FAE04EC0-301F-11D3-BF4B-00C04F79EFBC}") = "DecrypingMessages", "DecrypingMessages\DecrypingMessages.csproj", "{888ECA01-665C-4A2B-B76E-02B873B9E9D7}"
EndProject
Project("{FAE04EC0-301F-11D3-BF4B-00C04F79EFBC}") = "BalancedBrackets", "BalancedBrackets\BalancedBrackets.csproj", "{B87554DE-88B8-49CF-80E3-B6DC77D66EA8}"
EndProject
Global
	GlobalSection(SolutionConfigurationPlatforms) = preSolution
		Debug|Any CPU = Debug|Any CPU
		Release|Any CPU = Release|Any CPU
	EndGlobalSection
	GlobalSection(ProjectConfigurationPlatforms) = postSolution
		{791408A0-8462-4FDA-A2FD-E3DF6B8FE3B0}.Debug|Any CPU.ActiveCfg = Debug|Any CPU
		{791408A0-8462-4FDA-A2FD-E3DF6B8FE3B0}.Debug|Any CPU.Build.0 = Debug|Any CPU
		{791408A0-8462-4FDA-A2FD-E3DF6B8FE3B0}.Release|Any CPU.ActiveCfg = Release|Any CPU
		{791408A0-8462-4FDA-A2FD-E3DF6B8FE3B0}.Release|Any CPU.Build.0 = Release|Any CPU
		{F07FE817-091D-4E82-B3A4-473EB2FC4E6D}.Debug|Any CPU.ActiveCfg = Debug|Any CPU
		{F07FE817-091D-4E82-B3A4-473EB2FC4E6D}.Debug|Any CPU.Build.0 = Debug|Any CPU
		{F07FE817-091D-4E82-B3A4-473EB2FC4E6D}.Release|Any CPU.ActiveCfg = Release|Any CPU
		{F07FE817-091D-4E82-B3A4-473EB2FC4E6D}.Release|Any CPU.Build.0 = Release|Any CPU
		{D99E1D1C-7EAB-4D66-BF6F-997446959D27}.Debug|Any CPU.ActiveCfg = Debug|Any CPU
		{D99E1D1C-7EAB-4D66-BF6F-997446959D27}.Debug|Any CPU.Build.0 = Debug|Any CPU
		{D99E1D1C-7EAB-4D66-BF6F-997446959D27}.Release|Any CPU.ActiveCfg = Release|Any CPU
		{D99E1D1C-7EAB-4D66-BF6F-997446959D27}.Release|Any CPU.Build.0 = Release|Any CPU
		{1F2812C4-27DF-4942-A40B-878162BFACB9}.Debug|Any CPU.ActiveCfg = Debug|Any CPU
		{1F2812C4-27DF-4942-A40B-878162BFACB9}.Debug|Any CPU.Build.0 = Debug|Any CPU
		{1F2812C4-27DF-4942-A40B-878162BFACB9}.Release|Any CPU.ActiveCfg = Release|Any CPU
		{1F2812C4-27DF-4942-A40B-878162BFACB9}.Release|Any CPU.Build.0 = Release|Any CPU
		{888ECA01-665C-4A2B-B76E-02B873B9E9D7}.Debug|Any CPU.ActiveCfg = Debug|Any CPU
		{888ECA01-665C-4A2B-B76E-02B873B9E9D7}.Debug|Any CPU.Build.0 = Debug|Any CPU
		{888ECA01-665C-4A2B-B76E-02B873B9E9D7}.Release|Any CPU.ActiveCfg = Release|Any CPU
		{888ECA01-665C-4A2B-B76E-02B873B9E9D7}.Release|Any CPU.Build.0 = Release|Any CPU
		{B87554DE-88B8-49CF-80E3-B6DC77D66EA8}.Debug|Any CPU.ActiveCfg = Debug|Any CPU
		{B87554DE-88B8-49CF-80E3-B6DC77D66EA8}.Debug|Any CPU.Build.0 = Debug|Any CPU
		{B87554DE-88B8-49CF-80E3-B6DC77D66EA8}.Release|Any CPU.ActiveCfg = Release|Any CPU
		{B87554DE-88B8-49CF-80E3-B6DC77D66EA8}.Release|Any CPU.Build.0 = Release|Any CPU
	EndGlobalSection
	GlobalSection(SolutionProperties) = preSolution
		HideSolutionNode = FALSE
	EndGlobalSection
	GlobalSection(ExtensibilityGlobals) = postSolution
		SolutionGuid = {ABEB2AD0-DDA7-476A-BF89-95A60AF6FB4F}
	EndGlobalSection
EndGlobal
