
Microsoft Visual Studio Solution File, Format Version 12.00
# Visual Studio Version 16
VisualStudioVersion = 16.0.30717.126
MinimumVisualStudioVersion = 10.0.40219.1
Project("{FAE04EC0-301F-11D3-BF4B-00C04F79EFBC}") = "Furniture", "Furniture\Furniture.csproj", "{BC03EB2B-6FA4-416F-A478-4DE5F0B06022}"
EndProject
Global
	GlobalSection(SolutionConfigurationPlatforms) = preSolution
		Debug|Any CPU = Debug|Any CPU
		Release|Any CPU = Release|Any CPU
	EndGlobalSection
	GlobalSection(ProjectConfigurationPlatforms) = postSolution
		{BC03EB2B-6FA4-416F-A478-4DE5F0B06022}.Debug|Any CPU.ActiveCfg = Debug|Any CPU
		{BC03EB2B-6FA4-416F-A478-4DE5F0B06022}.Debug|Any CPU.Build.0 = Debug|Any CPU
		{BC03EB2B-6FA4-416F-A478-4DE5F0B06022}.Release|Any CPU.ActiveCfg = Release|Any CPU
		{BC03EB2B-6FA4-416F-A478-4DE5F0B06022}.Release|Any CPU.Build.0 = Release|Any CPU
	EndGlobalSection
	GlobalSection(SolutionProperties) = preSolution
		HideSolutionNode = FALSE
	EndGlobalSection
	GlobalSection(ExtensibilityGlobals) = postSolution
		SolutionGuid = {1F6A2682-2EF3-4BCB-A5FB-E6DCB8E8B770}
	EndGlobalSection
EndGlobal
