
Microsoft Visual Studio Solution File, Format Version 12.00
# Visual Studio Version 16
VisualStudioVersion = 16.0.31105.61
MinimumVisualStudioVersion = 10.0.40219.1
Project("{FAE04EC0-301F-11D3-BF4B-00C04F79EFBC}") = "StreamProgress", "StreamProgress\StreamProgress.csproj", "{D4B8675A-04AC-47D5-AA9F-A328A7CEBBC5}"
EndProject
Project("{FAE04EC0-301F-11D3-BF4B-00C04F79EFBC}") = "GraphicEditor", "GraphicEditor\GraphicEditor.csproj", "{61DAF4D2-72B8-4B49-9AA7-D74DEBE465F6}"
EndProject
Project("{FAE04EC0-301F-11D3-BF4B-00C04F79EFBC}") = "DetailPrinter", "DetailPrinter\DetailPrinter.csproj", "{BE578185-980C-4FE8-BFF1-380C92A2FEEC}"
EndProject
Project("{FAE04EC0-301F-11D3-BF4B-00C04F79EFBC}") = "Recharge", "Recharge\Recharge.csproj", "{01F66C48-6129-4F2F-950D-5030E1F75391}"
EndProject
Global
	GlobalSection(SolutionConfigurationPlatforms) = preSolution
		Debug|Any CPU = Debug|Any CPU
		Release|Any CPU = Release|Any CPU
	EndGlobalSection
	GlobalSection(ProjectConfigurationPlatforms) = postSolution
		{D4B8675A-04AC-47D5-AA9F-A328A7CEBBC5}.Debug|Any CPU.ActiveCfg = Debug|Any CPU
		{D4B8675A-04AC-47D5-AA9F-A328A7CEBBC5}.Debug|Any CPU.Build.0 = Debug|Any CPU
		{D4B8675A-04AC-47D5-AA9F-A328A7CEBBC5}.Release|Any CPU.ActiveCfg = Release|Any CPU
		{D4B8675A-04AC-47D5-AA9F-A328A7CEBBC5}.Release|Any CPU.Build.0 = Release|Any CPU
		{61DAF4D2-72B8-4B49-9AA7-D74DEBE465F6}.Debug|Any CPU.ActiveCfg = Debug|Any CPU
		{61DAF4D2-72B8-4B49-9AA7-D74DEBE465F6}.Debug|Any CPU.Build.0 = Debug|Any CPU
		{61DAF4D2-72B8-4B49-9AA7-D74DEBE465F6}.Release|Any CPU.ActiveCfg = Release|Any CPU
		{61DAF4D2-72B8-4B49-9AA7-D74DEBE465F6}.Release|Any CPU.Build.0 = Release|Any CPU
		{BE578185-980C-4FE8-BFF1-380C92A2FEEC}.Debug|Any CPU.ActiveCfg = Debug|Any CPU
		{BE578185-980C-4FE8-BFF1-380C92A2FEEC}.Debug|Any CPU.Build.0 = Debug|Any CPU
		{BE578185-980C-4FE8-BFF1-380C92A2FEEC}.Release|Any CPU.ActiveCfg = Release|Any CPU
		{BE578185-980C-4FE8-BFF1-380C92A2FEEC}.Release|Any CPU.Build.0 = Release|Any CPU
		{01F66C48-6129-4F2F-950D-5030E1F75391}.Debug|Any CPU.ActiveCfg = Debug|Any CPU
		{01F66C48-6129-4F2F-950D-5030E1F75391}.Debug|Any CPU.Build.0 = Debug|Any CPU
		{01F66C48-6129-4F2F-950D-5030E1F75391}.Release|Any CPU.ActiveCfg = Release|Any CPU
		{01F66C48-6129-4F2F-950D-5030E1F75391}.Release|Any CPU.Build.0 = Release|Any CPU
	EndGlobalSection
	GlobalSection(SolutionProperties) = preSolution
		HideSolutionNode = FALSE
	EndGlobalSection
	GlobalSection(ExtensibilityGlobals) = postSolution
		SolutionGuid = {3949249C-9553-4246-8F90-95E3F8B8AF95}
	EndGlobalSection
EndGlobal
