
Microsoft Visual Studio Solution File, Format Version 12.00
# Visual Studio Version 16
VisualStudioVersion = 16.0.31105.61
MinimumVisualStudioVersion = 10.0.40219.1
Project("{9A19103F-16F7-4668-BE54-9A1E7A4F7556}") = "FakeAxeAndDummy", "FakeAxeAndDummy\FakeAxeAndDummy.csproj", "{FEE93471-9B87-4196-974D-251C24C5C5B7}"
EndProject
Project("{9A19103F-16F7-4668-BE54-9A1E7A4F7556}") = "FakeAxeAndDummy.Tests", "FakeAxeAndDummy.Tests\FakeAxeAndDummy.Tests.csproj", "{A00C680C-B5F6-4BF7-B386-ED90FA1577FA}"
EndProject
Project("{9A19103F-16F7-4668-BE54-9A1E7A4F7556}") = "INStock", "INStock\INStock.csproj", "{CDAE4AE2-297B-4AC0-A3D5-6FB135DE7AAE}"
EndProject
Project("{FAE04EC0-301F-11D3-BF4B-00C04F79EFBC}") = "INStock.Tests", "INStock.Tests\INStock.Tests.csproj", "{BBB2C9D8-6C80-4D63-B527-E346907C8DA0}"
EndProject
Global
	GlobalSection(SolutionConfigurationPlatforms) = preSolution
		Debug|Any CPU = Debug|Any CPU
		Release|Any CPU = Release|Any CPU
	EndGlobalSection
	GlobalSection(ProjectConfigurationPlatforms) = postSolution
		{FEE93471-9B87-4196-974D-251C24C5C5B7}.Debug|Any CPU.ActiveCfg = Debug|Any CPU
		{FEE93471-9B87-4196-974D-251C24C5C5B7}.Debug|Any CPU.Build.0 = Debug|Any CPU
		{FEE93471-9B87-4196-974D-251C24C5C5B7}.Release|Any CPU.ActiveCfg = Release|Any CPU
		{FEE93471-9B87-4196-974D-251C24C5C5B7}.Release|Any CPU.Build.0 = Release|Any CPU
		{A00C680C-B5F6-4BF7-B386-ED90FA1577FA}.Debug|Any CPU.ActiveCfg = Debug|Any CPU
		{A00C680C-B5F6-4BF7-B386-ED90FA1577FA}.Debug|Any CPU.Build.0 = Debug|Any CPU
		{A00C680C-B5F6-4BF7-B386-ED90FA1577FA}.Release|Any CPU.ActiveCfg = Release|Any CPU
		{A00C680C-B5F6-4BF7-B386-ED90FA1577FA}.Release|Any CPU.Build.0 = Release|Any CPU
		{CDAE4AE2-297B-4AC0-A3D5-6FB135DE7AAE}.Debug|Any CPU.ActiveCfg = Debug|Any CPU
		{CDAE4AE2-297B-4AC0-A3D5-6FB135DE7AAE}.Debug|Any CPU.Build.0 = Debug|Any CPU
		{CDAE4AE2-297B-4AC0-A3D5-6FB135DE7AAE}.Release|Any CPU.ActiveCfg = Release|Any CPU
		{CDAE4AE2-297B-4AC0-A3D5-6FB135DE7AAE}.Release|Any CPU.Build.0 = Release|Any CPU
		{BBB2C9D8-6C80-4D63-B527-E346907C8DA0}.Debug|Any CPU.ActiveCfg = Debug|Any CPU
		{BBB2C9D8-6C80-4D63-B527-E346907C8DA0}.Debug|Any CPU.Build.0 = Debug|Any CPU
		{BBB2C9D8-6C80-4D63-B527-E346907C8DA0}.Release|Any CPU.ActiveCfg = Release|Any CPU
		{BBB2C9D8-6C80-4D63-B527-E346907C8DA0}.Release|Any CPU.Build.0 = Release|Any CPU
	EndGlobalSection
	GlobalSection(SolutionProperties) = preSolution
		HideSolutionNode = FALSE
	EndGlobalSection
	GlobalSection(ExtensibilityGlobals) = postSolution
		SolutionGuid = {CAAF12BF-49E7-4544-8353-30E6B01DAF90}
	EndGlobalSection
EndGlobal
