
Microsoft Visual Studio Solution File, Format Version 12.00
# Visual Studio Version 16
VisualStudioVersion = 16.0.30907.101
MinimumVisualStudioVersion = 10.0.40219.1
Project("{FAE04EC0-301F-11D3-BF4B-00C04F79EFBC}") = "GenericList", "GenericList\GenericList.csproj", "{B9EACD81-11EE-4765-B8F7-80DFA2E3C2FA}"
EndProject
Project("{FAE04EC0-301F-11D3-BF4B-00C04F79EFBC}") = "GenericStack", "GenericStack\GenericStack.csproj", "{4E8015F8-4DF4-4D8E-B067-78093A5FA0E5}"
EndProject
Global
	GlobalSection(SolutionConfigurationPlatforms) = preSolution
		Debug|Any CPU = Debug|Any CPU
		Release|Any CPU = Release|Any CPU
	EndGlobalSection
	GlobalSection(ProjectConfigurationPlatforms) = postSolution
		{B9EACD81-11EE-4765-B8F7-80DFA2E3C2FA}.Debug|Any CPU.ActiveCfg = Debug|Any CPU
		{B9EACD81-11EE-4765-B8F7-80DFA2E3C2FA}.Debug|Any CPU.Build.0 = Debug|Any CPU
		{B9EACD81-11EE-4765-B8F7-80DFA2E3C2FA}.Release|Any CPU.ActiveCfg = Release|Any CPU
		{B9EACD81-11EE-4765-B8F7-80DFA2E3C2FA}.Release|Any CPU.Build.0 = Release|Any CPU
		{4E8015F8-4DF4-4D8E-B067-78093A5FA0E5}.Debug|Any CPU.ActiveCfg = Debug|Any CPU
		{4E8015F8-4DF4-4D8E-B067-78093A5FA0E5}.Debug|Any CPU.Build.0 = Debug|Any CPU
		{4E8015F8-4DF4-4D8E-B067-78093A5FA0E5}.Release|Any CPU.ActiveCfg = Release|Any CPU
		{4E8015F8-4DF4-4D8E-B067-78093A5FA0E5}.Release|Any CPU.Build.0 = Release|Any CPU
	EndGlobalSection
	GlobalSection(SolutionProperties) = preSolution
		HideSolutionNode = FALSE
	EndGlobalSection
	GlobalSection(ExtensibilityGlobals) = postSolution
		SolutionGuid = {0C602170-2AC9-4FFF-903B-3223BC57C4FE}
	EndGlobalSection
EndGlobal
