
Microsoft Visual Studio Solution File, Format Version 12.00
# Visual Studio Version 16
VisualStudioVersion = 16.0.30011.22
MinimumVisualStudioVersion = 10.0.40219.1
Project("{FAE04EC0-301F-11D3-BF4B-00C04F79EFBC}") = "HoneyCombs", "HoneyCombs\HoneyCombs.csproj", "{60540BE3-E8CC-47F4-8740-8314586670DE}"
EndProject
Project("{FAE04EC0-301F-11D3-BF4B-00C04F79EFBC}") = "BeehiveRole", "BeehiveRole\BeehiveRole.csproj", "{8CD4A46D-8B9A-4CBB-AC90-90BF69D972D7}"
EndProject
Project("{FAE04EC0-301F-11D3-BF4B-00C04F79EFBC}") = "HoneyHarvest", "HoneyHarvest\HoneyHarvest.csproj", "{001CBA18-5D95-4634-AE91-53C23047E956}"
EndProject
Project("{FAE04EC0-301F-11D3-BF4B-00C04F79EFBC}") = "BeehivePopulation", "BeehivePopulation\BeehivePopulation.csproj", "{2D107BC7-0169-492D-A709-C71739734C26}"
EndProject
Project("{FAE04EC0-301F-11D3-BF4B-00C04F79EFBC}") = "BeehiveDefense", "BeehiveDefense\BeehiveDefense.csproj", "{C02DD379-92DB-4980-8E0E-80331483FA96}"
EndProject
Project("{FAE04EC0-301F-11D3-BF4B-00C04F79EFBC}") = "HoneyWinterReserves", "HoneyWinterReserves\HoneyWinterReserves.csproj", "{344216C4-6E20-4347-AB50-54DB966271A8}"
EndProject
Global
	GlobalSection(SolutionConfigurationPlatforms) = preSolution
		Debug|Any CPU = Debug|Any CPU
		Release|Any CPU = Release|Any CPU
	EndGlobalSection
	GlobalSection(ProjectConfigurationPlatforms) = postSolution
		{60540BE3-E8CC-47F4-8740-8314586670DE}.Debug|Any CPU.ActiveCfg = Debug|Any CPU
		{60540BE3-E8CC-47F4-8740-8314586670DE}.Debug|Any CPU.Build.0 = Debug|Any CPU
		{60540BE3-E8CC-47F4-8740-8314586670DE}.Release|Any CPU.ActiveCfg = Release|Any CPU
		{60540BE3-E8CC-47F4-8740-8314586670DE}.Release|Any CPU.Build.0 = Release|Any CPU
		{8CD4A46D-8B9A-4CBB-AC90-90BF69D972D7}.Debug|Any CPU.ActiveCfg = Debug|Any CPU
		{8CD4A46D-8B9A-4CBB-AC90-90BF69D972D7}.Debug|Any CPU.Build.0 = Debug|Any CPU
		{8CD4A46D-8B9A-4CBB-AC90-90BF69D972D7}.Release|Any CPU.ActiveCfg = Release|Any CPU
		{8CD4A46D-8B9A-4CBB-AC90-90BF69D972D7}.Release|Any CPU.Build.0 = Release|Any CPU
		{001CBA18-5D95-4634-AE91-53C23047E956}.Debug|Any CPU.ActiveCfg = Debug|Any CPU
		{001CBA18-5D95-4634-AE91-53C23047E956}.Debug|Any CPU.Build.0 = Debug|Any CPU
		{001CBA18-5D95-4634-AE91-53C23047E956}.Release|Any CPU.ActiveCfg = Release|Any CPU
		{001CBA18-5D95-4634-AE91-53C23047E956}.Release|Any CPU.Build.0 = Release|Any CPU
		{2D107BC7-0169-492D-A709-C71739734C26}.Debug|Any CPU.ActiveCfg = Debug|Any CPU
		{2D107BC7-0169-492D-A709-C71739734C26}.Debug|Any CPU.Build.0 = Debug|Any CPU
		{2D107BC7-0169-492D-A709-C71739734C26}.Release|Any CPU.ActiveCfg = Release|Any CPU
		{2D107BC7-0169-492D-A709-C71739734C26}.Release|Any CPU.Build.0 = Release|Any CPU
		{C02DD379-92DB-4980-8E0E-80331483FA96}.Debug|Any CPU.ActiveCfg = Debug|Any CPU
		{C02DD379-92DB-4980-8E0E-80331483FA96}.Debug|Any CPU.Build.0 = Debug|Any CPU
		{C02DD379-92DB-4980-8E0E-80331483FA96}.Release|Any CPU.ActiveCfg = Release|Any CPU
		{C02DD379-92DB-4980-8E0E-80331483FA96}.Release|Any CPU.Build.0 = Release|Any CPU
		{344216C4-6E20-4347-AB50-54DB966271A8}.Debug|Any CPU.ActiveCfg = Debug|Any CPU
		{344216C4-6E20-4347-AB50-54DB966271A8}.Debug|Any CPU.Build.0 = Debug|Any CPU
		{344216C4-6E20-4347-AB50-54DB966271A8}.Release|Any CPU.ActiveCfg = Release|Any CPU
		{344216C4-6E20-4347-AB50-54DB966271A8}.Release|Any CPU.Build.0 = Release|Any CPU
	EndGlobalSection
	GlobalSection(SolutionProperties) = preSolution
		HideSolutionNode = FALSE
	EndGlobalSection
	GlobalSection(ExtensibilityGlobals) = postSolution
		SolutionGuid = {A40A950E-2698-46ED-BE06-E0F00C7B54AE}
	EndGlobalSection
EndGlobal
