
Microsoft Visual Studio Solution File, Format Version 12.00
# Visual Studio Version 16
VisualStudioVersion = 16.0.31105.61
MinimumVisualStudioVersion = 10.0.40219.1
Project("{9A19103F-16F7-4668-BE54-9A1E7A4F7556}") = "DataBase", "DataBase\DataBase.csproj", "{7FDEBB3D-A4B6-4E17-81E2-DA2294D05623}"
EndProject
Project("{9A19103F-16F7-4668-BE54-9A1E7A4F7556}") = "DataBase.Tests", "DataBase.Tests\DataBase.Tests.csproj", "{F57B0B34-06C6-4B2D-A291-04030E78EFFB}"
EndProject
Project("{9A19103F-16F7-4668-BE54-9A1E7A4F7556}") = "DatabaseExtended", "DatabaseExtended\DatabaseExtended.csproj", "{B69B03C7-BF8D-46A8-979E-9509E7072BB8}"
EndProject
Project("{9A19103F-16F7-4668-BE54-9A1E7A4F7556}") = "DatabaseExtended.Tests", "DatabaseExtended.Tests\DatabaseExtended.Tests.csproj", "{2A28B0A7-637D-4C8E-90AE-EB58F7783F20}"
EndProject
Project("{FAE04EC0-301F-11D3-BF4B-00C04F79EFBC}") = "CarManager", "CarManager\CarManager.csproj", "{B7ECBAF5-F30A-47D5-9520-205A83F27D42}"
EndProject
Project("{FAE04EC0-301F-11D3-BF4B-00C04F79EFBC}") = "CarManager.Tests", "CarManager.Tests\CarManager.Tests.csproj", "{3831C764-E622-4828-B6E1-2469F43B03C9}"
EndProject
Project("{FAE04EC0-301F-11D3-BF4B-00C04F79EFBC}") = "FightingArena", "FightingArena\FightingArena.csproj", "{52414AC4-0DE3-45CE-86EF-FC4EF226FF2F}"
EndProject
Project("{FAE04EC0-301F-11D3-BF4B-00C04F79EFBC}") = "FightingArena.Tests", "FightingArena.Tests\FightingArena.Tests.csproj", "{8C6F77AA-C01D-46E4-9F31-FE3D42D424F0}"
EndProject
Global
	GlobalSection(SolutionConfigurationPlatforms) = preSolution
		Debug|Any CPU = Debug|Any CPU
		Release|Any CPU = Release|Any CPU
	EndGlobalSection
	GlobalSection(ProjectConfigurationPlatforms) = postSolution
		{7FDEBB3D-A4B6-4E17-81E2-DA2294D05623}.Debug|Any CPU.ActiveCfg = Debug|Any CPU
		{7FDEBB3D-A4B6-4E17-81E2-DA2294D05623}.Debug|Any CPU.Build.0 = Debug|Any CPU
		{7FDEBB3D-A4B6-4E17-81E2-DA2294D05623}.Release|Any CPU.ActiveCfg = Release|Any CPU
		{7FDEBB3D-A4B6-4E17-81E2-DA2294D05623}.Release|Any CPU.Build.0 = Release|Any CPU
		{F57B0B34-06C6-4B2D-A291-04030E78EFFB}.Debug|Any CPU.ActiveCfg = Debug|Any CPU
		{F57B0B34-06C6-4B2D-A291-04030E78EFFB}.Debug|Any CPU.Build.0 = Debug|Any CPU
		{F57B0B34-06C6-4B2D-A291-04030E78EFFB}.Release|Any CPU.ActiveCfg = Release|Any CPU
		{F57B0B34-06C6-4B2D-A291-04030E78EFFB}.Release|Any CPU.Build.0 = Release|Any CPU
		{B69B03C7-BF8D-46A8-979E-9509E7072BB8}.Debug|Any CPU.ActiveCfg = Debug|Any CPU
		{B69B03C7-BF8D-46A8-979E-9509E7072BB8}.Debug|Any CPU.Build.0 = Debug|Any CPU
		{B69B03C7-BF8D-46A8-979E-9509E7072BB8}.Release|Any CPU.ActiveCfg = Release|Any CPU
		{B69B03C7-BF8D-46A8-979E-9509E7072BB8}.Release|Any CPU.Build.0 = Release|Any CPU
		{2A28B0A7-637D-4C8E-90AE-EB58F7783F20}.Debug|Any CPU.ActiveCfg = Debug|Any CPU
		{2A28B0A7-637D-4C8E-90AE-EB58F7783F20}.Debug|Any CPU.Build.0 = Debug|Any CPU
		{2A28B0A7-637D-4C8E-90AE-EB58F7783F20}.Release|Any CPU.ActiveCfg = Release|Any CPU
		{2A28B0A7-637D-4C8E-90AE-EB58F7783F20}.Release|Any CPU.Build.0 = Release|Any CPU
		{B7ECBAF5-F30A-47D5-9520-205A83F27D42}.Debug|Any CPU.ActiveCfg = Debug|Any CPU
		{B7ECBAF5-F30A-47D5-9520-205A83F27D42}.Debug|Any CPU.Build.0 = Debug|Any CPU
		{B7ECBAF5-F30A-47D5-9520-205A83F27D42}.Release|Any CPU.ActiveCfg = Release|Any CPU
		{B7ECBAF5-F30A-47D5-9520-205A83F27D42}.Release|Any CPU.Build.0 = Release|Any CPU
		{3831C764-E622-4828-B6E1-2469F43B03C9}.Debug|Any CPU.ActiveCfg = Debug|Any CPU
		{3831C764-E622-4828-B6E1-2469F43B03C9}.Debug|Any CPU.Build.0 = Debug|Any CPU
		{3831C764-E622-4828-B6E1-2469F43B03C9}.Release|Any CPU.ActiveCfg = Release|Any CPU
		{3831C764-E622-4828-B6E1-2469F43B03C9}.Release|Any CPU.Build.0 = Release|Any CPU
		{52414AC4-0DE3-45CE-86EF-FC4EF226FF2F}.Debug|Any CPU.ActiveCfg = Debug|Any CPU
		{52414AC4-0DE3-45CE-86EF-FC4EF226FF2F}.Debug|Any CPU.Build.0 = Debug|Any CPU
		{52414AC4-0DE3-45CE-86EF-FC4EF226FF2F}.Release|Any CPU.ActiveCfg = Release|Any CPU
		{52414AC4-0DE3-45CE-86EF-FC4EF226FF2F}.Release|Any CPU.Build.0 = Release|Any CPU
		{8C6F77AA-C01D-46E4-9F31-FE3D42D424F0}.Debug|Any CPU.ActiveCfg = Debug|Any CPU
		{8C6F77AA-C01D-46E4-9F31-FE3D42D424F0}.Debug|Any CPU.Build.0 = Debug|Any CPU
		{8C6F77AA-C01D-46E4-9F31-FE3D42D424F0}.Release|Any CPU.ActiveCfg = Release|Any CPU
		{8C6F77AA-C01D-46E4-9F31-FE3D42D424F0}.Release|Any CPU.Build.0 = Release|Any CPU
	EndGlobalSection
	GlobalSection(SolutionProperties) = preSolution
		HideSolutionNode = FALSE
	EndGlobalSection
	GlobalSection(ExtensibilityGlobals) = postSolution
		SolutionGuid = {0F0B6253-1B65-46C6-9432-312D92D63053}
	EndGlobalSection
EndGlobal
