
Microsoft Visual Studio Solution File, Format Version 12.00
# Visual Studio Version 16
VisualStudioVersion = 16.0.31205.134
MinimumVisualStudioVersion = 10.0.40219.1
Project("{FAE04EC0-301F-11D3-BF4B-00C04F79EFBC}") = "SoftUniDI", "SoftUniDI\SoftUniDI.csproj", "{458DCA04-4151-41D3-AF96-883B8FF1BE40}"
EndProject
Project("{FAE04EC0-301F-11D3-BF4B-00C04F79EFBC}") = "DependencyInjectionTest", "DependencyInjectionTest\DependencyInjectionTest.csproj", "{290E6A6C-36E8-463A-B5A7-5C575C833865}"
EndProject
Global
	GlobalSection(SolutionConfigurationPlatforms) = preSolution
		Debug|Any CPU = Debug|Any CPU
		Release|Any CPU = Release|Any CPU
	EndGlobalSection
	GlobalSection(ProjectConfigurationPlatforms) = postSolution
		{458DCA04-4151-41D3-AF96-883B8FF1BE40}.Debug|Any CPU.ActiveCfg = Debug|Any CPU
		{458DCA04-4151-41D3-AF96-883B8FF1BE40}.Debug|Any CPU.Build.0 = Debug|Any CPU
		{458DCA04-4151-41D3-AF96-883B8FF1BE40}.Release|Any CPU.ActiveCfg = Release|Any CPU
		{458DCA04-4151-41D3-AF96-883B8FF1BE40}.Release|Any CPU.Build.0 = Release|Any CPU
		{290E6A6C-36E8-463A-B5A7-5C575C833865}.Debug|Any CPU.ActiveCfg = Debug|Any CPU
		{290E6A6C-36E8-463A-B5A7-5C575C833865}.Debug|Any CPU.Build.0 = Debug|Any CPU
		{290E6A6C-36E8-463A-B5A7-5C575C833865}.Release|Any CPU.ActiveCfg = Release|Any CPU
		{290E6A6C-36E8-463A-B5A7-5C575C833865}.Release|Any CPU.Build.0 = Release|Any CPU
	EndGlobalSection
	GlobalSection(SolutionProperties) = preSolution
		HideSolutionNode = FALSE
	EndGlobalSection
	GlobalSection(ExtensibilityGlobals) = postSolution
		SolutionGuid = {8FA2E592-FBB2-4213-A69A-0B8E5327CB0C}
	EndGlobalSection
EndGlobal
