
Microsoft Visual Studio Solution File, Format Version 12.00
# Visual Studio Version 16
VisualStudioVersion = 16.0.31129.286
MinimumVisualStudioVersion = 10.0.40219.1
Project("{9A19103F-16F7-4668-BE54-9A1E7A4F7556}") = "OnlineShop", "OnlineShop\OnlineShop.csproj", "{B79F43F5-2E5C-4D5E-A741-3253A41F7602}"
EndProject
Project("{FAE04EC0-301F-11D3-BF4B-00C04F79EFBC}") = "Computers", "Computers\Computers.csproj", "{879A7976-AF29-431B-B976-3C40DBBFD114}"
EndProject
Project("{FAE04EC0-301F-11D3-BF4B-00C04F79EFBC}") = "Computers.Tests", "Computers.Tests\Computers.Tests.csproj", "{9DC26E47-C369-48A0-8318-22AC66BE282B}"
EndProject
Global
	GlobalSection(SolutionConfigurationPlatforms) = preSolution
		Debug|Any CPU = Debug|Any CPU
		Release|Any CPU = Release|Any CPU
	EndGlobalSection
	GlobalSection(ProjectConfigurationPlatforms) = postSolution
		{B79F43F5-2E5C-4D5E-A741-3253A41F7602}.Debug|Any CPU.ActiveCfg = Debug|Any CPU
		{B79F43F5-2E5C-4D5E-A741-3253A41F7602}.Debug|Any CPU.Build.0 = Debug|Any CPU
		{B79F43F5-2E5C-4D5E-A741-3253A41F7602}.Release|Any CPU.ActiveCfg = Release|Any CPU
		{B79F43F5-2E5C-4D5E-A741-3253A41F7602}.Release|Any CPU.Build.0 = Release|Any CPU
		{879A7976-AF29-431B-B976-3C40DBBFD114}.Debug|Any CPU.ActiveCfg = Debug|Any CPU
		{879A7976-AF29-431B-B976-3C40DBBFD114}.Debug|Any CPU.Build.0 = Debug|Any CPU
		{879A7976-AF29-431B-B976-3C40DBBFD114}.Release|Any CPU.ActiveCfg = Release|Any CPU
		{879A7976-AF29-431B-B976-3C40DBBFD114}.Release|Any CPU.Build.0 = Release|Any CPU
		{9DC26E47-C369-48A0-8318-22AC66BE282B}.Debug|Any CPU.ActiveCfg = Debug|Any CPU
		{9DC26E47-C369-48A0-8318-22AC66BE282B}.Debug|Any CPU.Build.0 = Debug|Any CPU
		{9DC26E47-C369-48A0-8318-22AC66BE282B}.Release|Any CPU.ActiveCfg = Release|Any CPU
		{9DC26E47-C369-48A0-8318-22AC66BE282B}.Release|Any CPU.Build.0 = Release|Any CPU
	EndGlobalSection
	GlobalSection(SolutionProperties) = preSolution
		HideSolutionNode = FALSE
	EndGlobalSection
	GlobalSection(ExtensibilityGlobals) = postSolution
		SolutionGuid = {5E582F1D-A12B-46C6-8B35-0D0C59076543}
	EndGlobalSection
EndGlobal
