
Microsoft Visual Studio Solution File, Format Version 12.00
# Visual Studio Version 17
VisualStudioVersion = 17.2.32616.157
MinimumVisualStudioVersion = 10.0.40219.1
Project("{9A19103F-16F7-4668-BE54-9A1E7A4F7556}") = "Fibonacci", "Fibonacci\Fibonacci.csproj", "{E635CAC2-0E97-4C36-8026-02806504F699}"
EndProject
Project("{FAE04EC0-301F-11D3-BF4B-00C04F79EFBC}") = "MoveDownRight", "MoveDownRight\MoveDownRight.csproj", "{6E2C11B1-34A4-4FDF-8FE2-557A6E99C865}"
EndProject
Project("{FAE04EC0-301F-11D3-BF4B-00C04F79EFBC}") = "LCS", "LCS\LCS.csproj", "{519263BC-3520-42CC-9E25-E08C5D48F199}"
EndProject
Global
	GlobalSection(SolutionConfigurationPlatforms) = preSolution
		Debug|Any CPU = Debug|Any CPU
		Release|Any CPU = Release|Any CPU
	EndGlobalSection
	GlobalSection(ProjectConfigurationPlatforms) = postSolution
		{E635CAC2-0E97-4C36-8026-02806504F699}.Debug|Any CPU.ActiveCfg = Debug|Any CPU
		{E635CAC2-0E97-4C36-8026-02806504F699}.Debug|Any CPU.Build.0 = Debug|Any CPU
		{E635CAC2-0E97-4C36-8026-02806504F699}.Release|Any CPU.ActiveCfg = Release|Any CPU
		{E635CAC2-0E97-4C36-8026-02806504F699}.Release|Any CPU.Build.0 = Release|Any CPU
		{6E2C11B1-34A4-4FDF-8FE2-557A6E99C865}.Debug|Any CPU.ActiveCfg = Debug|Any CPU
		{6E2C11B1-34A4-4FDF-8FE2-557A6E99C865}.Debug|Any CPU.Build.0 = Debug|Any CPU
		{6E2C11B1-34A4-4FDF-8FE2-557A6E99C865}.Release|Any CPU.ActiveCfg = Release|Any CPU
		{6E2C11B1-34A4-4FDF-8FE2-557A6E99C865}.Release|Any CPU.Build.0 = Release|Any CPU
		{519263BC-3520-42CC-9E25-E08C5D48F199}.Debug|Any CPU.ActiveCfg = Debug|Any CPU
		{519263BC-3520-42CC-9E25-E08C5D48F199}.Debug|Any CPU.Build.0 = Debug|Any CPU
		{519263BC-3520-42CC-9E25-E08C5D48F199}.Release|Any CPU.ActiveCfg = Release|Any CPU
		{519263BC-3520-42CC-9E25-E08C5D48F199}.Release|Any CPU.Build.0 = Release|Any CPU
	EndGlobalSection
	GlobalSection(SolutionProperties) = preSolution
		HideSolutionNode = FALSE
	EndGlobalSection
	GlobalSection(ExtensibilityGlobals) = postSolution
		SolutionGuid = {25141D38-EAFB-4FE5-875D-C2FFFDEC88F2}
	EndGlobalSection
EndGlobal
