
Microsoft Visual Studio Solution File, Format Version 12.00
# Visual Studio Version 16
VisualStudioVersion = 16.0.30907.101
MinimumVisualStudioVersion = 10.0.40219.1
Project("{9A19103F-16F7-4668-BE54-9A1E7A4F7556}") = "CustomLinkedList", "CustomLinkedList\CustomLinkedList.csproj", "{0E641CDB-867B-406C-B6F7-5E4C929BA91F}"
EndProject
Project("{FAE04EC0-301F-11D3-BF4B-00C04F79EFBC}") = "GenericLinkedList", "GenericLinkedList\GenericLinkedList.csproj", "{5EABA8FB-3FA0-46EA-9F15-A9A17C10EC70}"
EndProject
Global
	GlobalSection(SolutionConfigurationPlatforms) = preSolution
		Debug|Any CPU = Debug|Any CPU
		Release|Any CPU = Release|Any CPU
	EndGlobalSection
	GlobalSection(ProjectConfigurationPlatforms) = postSolution
		{0E641CDB-867B-406C-B6F7-5E4C929BA91F}.Debug|Any CPU.ActiveCfg = Debug|Any CPU
		{0E641CDB-867B-406C-B6F7-5E4C929BA91F}.Debug|Any CPU.Build.0 = Debug|Any CPU
		{0E641CDB-867B-406C-B6F7-5E4C929BA91F}.Release|Any CPU.ActiveCfg = Release|Any CPU
		{0E641CDB-867B-406C-B6F7-5E4C929BA91F}.Release|Any CPU.Build.0 = Release|Any CPU
		{5EABA8FB-3FA0-46EA-9F15-A9A17C10EC70}.Debug|Any CPU.ActiveCfg = Debug|Any CPU
		{5EABA8FB-3FA0-46EA-9F15-A9A17C10EC70}.Debug|Any CPU.Build.0 = Debug|Any CPU
		{5EABA8FB-3FA0-46EA-9F15-A9A17C10EC70}.Release|Any CPU.ActiveCfg = Release|Any CPU
		{5EABA8FB-3FA0-46EA-9F15-A9A17C10EC70}.Release|Any CPU.Build.0 = Release|Any CPU
	EndGlobalSection
	GlobalSection(SolutionProperties) = preSolution
		HideSolutionNode = FALSE
	EndGlobalSection
	GlobalSection(ExtensibilityGlobals) = postSolution
		SolutionGuid = {DA35E417-5BD2-44D0-BE57-0208DB81B664}
	EndGlobalSection
EndGlobal
