
Microsoft Visual Studio Solution File, Format Version 12.00
# Visual Studio Version 17
VisualStudioVersion = 17.0.32112.339
MinimumVisualStudioVersion = 10.0.40219.1
Project("{9A19103F-16F7-4668-BE54-9A1E7A4F7556}") = "PointOnRectangleBorder", "PointOnRectangleBorder\PointOnRectangleBorder.csproj", "{0E4E9E1D-C0E3-4E8D-856E-0C02AD33F619}"
EndProject
Project("{9A19103F-16F7-4668-BE54-9A1E7A4F7556}") = "Cinema", "Cinema\Cinema.csproj", "{A3D5DDCA-889B-4F1C-B1C7-0966D98A8CA4}"
EndProject
Project("{9A19103F-16F7-4668-BE54-9A1E7A4F7556}") = "Clothes", "Clothes\Clothes.csproj", "{92982C19-E65A-48BE-9803-C4624A30D3B5}"
EndProject
Project("{FAE04EC0-301F-11D3-BF4B-00C04F79EFBC}") = "NewHouse", "NewHouse\NewHouse.csproj", "{9CA2A15D-405B-4A9B-B466-079C086D051F}"
EndProject
Project("{FAE04EC0-301F-11D3-BF4B-00C04F79EFBC}") = "FishingBoat", "FishingBoat\FishingBoat.csproj", "{37023ADA-5CA4-4F21-BB0F-CEAA9A138972}"
EndProject
Project("{FAE04EC0-301F-11D3-BF4B-00C04F79EFBC}") = "Journey", "Journey\Journey.csproj", "{02AED9CC-E306-4DE9-8016-785D48C9B84B}"
EndProject
Project("{FAE04EC0-301F-11D3-BF4B-00C04F79EFBC}") = "Operations", "Operations\Operations.csproj", "{578EBDF5-78EB-465E-B9D0-B9D6AB534B9B}"
EndProject
Project("{FAE04EC0-301F-11D3-BF4B-00C04F79EFBC}") = "HotelRoom", "HotelRoom\HotelRoom.csproj", "{B97E5B3C-09F4-41C1-A394-4FD8D79F6B88}"
EndProject
Project("{FAE04EC0-301F-11D3-BF4B-00C04F79EFBC}") = "OnTimeExam", "OnTimeExam\OnTimeExam.csproj", "{71DD8FA7-AD8E-44AE-8B94-8DE7CBE8BDD5}"
EndProject
Project("{FAE04EC0-301F-11D3-BF4B-00C04F79EFBC}") = "Volleyball", "Volleyball\Volleyball.csproj", "{409B222C-B9DE-4003-90B5-8FD59D03254B}"
EndProject
Global
	GlobalSection(SolutionConfigurationPlatforms) = preSolution
		Debug|Any CPU = Debug|Any CPU
		Release|Any CPU = Release|Any CPU
	EndGlobalSection
	GlobalSection(ProjectConfigurationPlatforms) = postSolution
		{0E4E9E1D-C0E3-4E8D-856E-0C02AD33F619}.Debug|Any CPU.ActiveCfg = Debug|Any CPU
		{0E4E9E1D-C0E3-4E8D-856E-0C02AD33F619}.Debug|Any CPU.Build.0 = Debug|Any CPU
		{0E4E9E1D-C0E3-4E8D-856E-0C02AD33F619}.Release|Any CPU.ActiveCfg = Release|Any CPU
		{0E4E9E1D-C0E3-4E8D-856E-0C02AD33F619}.Release|Any CPU.Build.0 = Release|Any CPU
		{A3D5DDCA-889B-4F1C-B1C7-0966D98A8CA4}.Debug|Any CPU.ActiveCfg = Debug|Any CPU
		{A3D5DDCA-889B-4F1C-B1C7-0966D98A8CA4}.Debug|Any CPU.Build.0 = Debug|Any CPU
		{A3D5DDCA-889B-4F1C-B1C7-0966D98A8CA4}.Release|Any CPU.ActiveCfg = Release|Any CPU
		{A3D5DDCA-889B-4F1C-B1C7-0966D98A8CA4}.Release|Any CPU.Build.0 = Release|Any CPU
		{92982C19-E65A-48BE-9803-C4624A30D3B5}.Debug|Any CPU.ActiveCfg = Debug|Any CPU
		{92982C19-E65A-48BE-9803-C4624A30D3B5}.Debug|Any CPU.Build.0 = Debug|Any CPU
		{92982C19-E65A-48BE-9803-C4624A30D3B5}.Release|Any CPU.ActiveCfg = Release|Any CPU
		{92982C19-E65A-48BE-9803-C4624A30D3B5}.Release|Any CPU.Build.0 = Release|Any CPU
		{9CA2A15D-405B-4A9B-B466-079C086D051F}.Debug|Any CPU.ActiveCfg = Debug|Any CPU
		{9CA2A15D-405B-4A9B-B466-079C086D051F}.Debug|Any CPU.Build.0 = Debug|Any CPU
		{9CA2A15D-405B-4A9B-B466-079C086D051F}.Release|Any CPU.ActiveCfg = Release|Any CPU
		{9CA2A15D-405B-4A9B-B466-079C086D051F}.Release|Any CPU.Build.0 = Release|Any CPU
		{37023ADA-5CA4-4F21-BB0F-CEAA9A138972}.Debug|Any CPU.ActiveCfg = Debug|Any CPU
		{37023ADA-5CA4-4F21-BB0F-CEAA9A138972}.Debug|Any CPU.Build.0 = Debug|Any CPU
		{37023ADA-5CA4-4F21-BB0F-CEAA9A138972}.Release|Any CPU.ActiveCfg = Release|Any CPU
		{37023ADA-5CA4-4F21-BB0F-CEAA9A138972}.Release|Any CPU.Build.0 = Release|Any CPU
		{02AED9CC-E306-4DE9-8016-785D48C9B84B}.Debug|Any CPU.ActiveCfg = Debug|Any CPU
		{02AED9CC-E306-4DE9-8016-785D48C9B84B}.Debug|Any CPU.Build.0 = Debug|Any CPU
		{02AED9CC-E306-4DE9-8016-785D48C9B84B}.Release|Any CPU.ActiveCfg = Release|Any CPU
		{02AED9CC-E306-4DE9-8016-785D48C9B84B}.Release|Any CPU.Build.0 = Release|Any CPU
		{578EBDF5-78EB-465E-B9D0-B9D6AB534B9B}.Debug|Any CPU.ActiveCfg = Debug|Any CPU
		{578EBDF5-78EB-465E-B9D0-B9D6AB534B9B}.Debug|Any CPU.Build.0 = Debug|Any CPU
		{578EBDF5-78EB-465E-B9D0-B9D6AB534B9B}.Release|Any CPU.ActiveCfg = Release|Any CPU
		{578EBDF5-78EB-465E-B9D0-B9D6AB534B9B}.Release|Any CPU.Build.0 = Release|Any CPU
		{B97E5B3C-09F4-41C1-A394-4FD8D79F6B88}.Debug|Any CPU.ActiveCfg = Debug|Any CPU
		{B97E5B3C-09F4-41C1-A394-4FD8D79F6B88}.Debug|Any CPU.Build.0 = Debug|Any CPU
		{B97E5B3C-09F4-41C1-A394-4FD8D79F6B88}.Release|Any CPU.ActiveCfg = Release|Any CPU
		{B97E5B3C-09F4-41C1-A394-4FD8D79F6B88}.Release|Any CPU.Build.0 = Release|Any CPU
		{71DD8FA7-AD8E-44AE-8B94-8DE7CBE8BDD5}.Debug|Any CPU.ActiveCfg = Debug|Any CPU
		{71DD8FA7-AD8E-44AE-8B94-8DE7CBE8BDD5}.Debug|Any CPU.Build.0 = Debug|Any CPU
		{71DD8FA7-AD8E-44AE-8B94-8DE7CBE8BDD5}.Release|Any CPU.ActiveCfg = Release|Any CPU
		{71DD8FA7-AD8E-44AE-8B94-8DE7CBE8BDD5}.Release|Any CPU.Build.0 = Release|Any CPU
		{409B222C-B9DE-4003-90B5-8FD59D03254B}.Debug|Any CPU.ActiveCfg = Debug|Any CPU
		{409B222C-B9DE-4003-90B5-8FD59D03254B}.Debug|Any CPU.Build.0 = Debug|Any CPU
		{409B222C-B9DE-4003-90B5-8FD59D03254B}.Release|Any CPU.ActiveCfg = Release|Any CPU
		{409B222C-B9DE-4003-90B5-8FD59D03254B}.Release|Any CPU.Build.0 = Release|Any CPU
	EndGlobalSection
	GlobalSection(SolutionProperties) = preSolution
		HideSolutionNode = FALSE
	EndGlobalSection
	GlobalSection(ExtensibilityGlobals) = postSolution
		SolutionGuid = {0AA4F9A1-F931-427D-A892-762034F897BC}
	EndGlobalSection
EndGlobal
