
Microsoft Visual Studio Solution File, Format Version 12.00
# Visual Studio Version 16
VisualStudioVersion = 16.0.30804.86
MinimumVisualStudioVersion = 10.0.40219.1
Project("{FAE04EC0-301F-11D3-BF4B-00C04F79EFBC}") = "DiagonalDifference", "DiagonalDifference\DiagonalDifference.csproj", "{7754D37B-6CAB-47F2-A7AF-172D396723B2}"
EndProject
Project("{FAE04EC0-301F-11D3-BF4B-00C04F79EFBC}") = "SquaresInMatrix", "SquaresInMatrix\SquaresInMatrix.csproj", "{A56632B1-2B8F-484A-84CA-B96952F11AAE}"
EndProject
Project("{FAE04EC0-301F-11D3-BF4B-00C04F79EFBC}") = "MaximalSum", "MaximalSum\MaximalSum.csproj", "{FEA8AFC8-0260-4BB6-B21A-37841473EFE4}"
EndProject
Project("{FAE04EC0-301F-11D3-BF4B-00C04F79EFBC}") = "MatrixShuffling", "MatrixShuffling\MatrixShuffling.csproj", "{2C0D119A-CEAE-47A1-93B2-01A2F1CD3148}"
EndProject
Global
	GlobalSection(SolutionConfigurationPlatforms) = preSolution
		Debug|Any CPU = Debug|Any CPU
		Release|Any CPU = Release|Any CPU
	EndGlobalSection
	GlobalSection(ProjectConfigurationPlatforms) = postSolution
		{7754D37B-6CAB-47F2-A7AF-172D396723B2}.Debug|Any CPU.ActiveCfg = Debug|Any CPU
		{7754D37B-6CAB-47F2-A7AF-172D396723B2}.Debug|Any CPU.Build.0 = Debug|Any CPU
		{7754D37B-6CAB-47F2-A7AF-172D396723B2}.Release|Any CPU.ActiveCfg = Release|Any CPU
		{7754D37B-6CAB-47F2-A7AF-172D396723B2}.Release|Any CPU.Build.0 = Release|Any CPU
		{A56632B1-2B8F-484A-84CA-B96952F11AAE}.Debug|Any CPU.ActiveCfg = Debug|Any CPU
		{A56632B1-2B8F-484A-84CA-B96952F11AAE}.Debug|Any CPU.Build.0 = Debug|Any CPU
		{A56632B1-2B8F-484A-84CA-B96952F11AAE}.Release|Any CPU.ActiveCfg = Release|Any CPU
		{A56632B1-2B8F-484A-84CA-B96952F11AAE}.Release|Any CPU.Build.0 = Release|Any CPU
		{FEA8AFC8-0260-4BB6-B21A-37841473EFE4}.Debug|Any CPU.ActiveCfg = Debug|Any CPU
		{FEA8AFC8-0260-4BB6-B21A-37841473EFE4}.Debug|Any CPU.Build.0 = Debug|Any CPU
		{FEA8AFC8-0260-4BB6-B21A-37841473EFE4}.Release|Any CPU.ActiveCfg = Release|Any CPU
		{FEA8AFC8-0260-4BB6-B21A-37841473EFE4}.Release|Any CPU.Build.0 = Release|Any CPU
		{2C0D119A-CEAE-47A1-93B2-01A2F1CD3148}.Debug|Any CPU.ActiveCfg = Debug|Any CPU
		{2C0D119A-CEAE-47A1-93B2-01A2F1CD3148}.Debug|Any CPU.Build.0 = Debug|Any CPU
		{2C0D119A-CEAE-47A1-93B2-01A2F1CD3148}.Release|Any CPU.ActiveCfg = Release|Any CPU
		{2C0D119A-CEAE-47A1-93B2-01A2F1CD3148}.Release|Any CPU.Build.0 = Release|Any CPU
	EndGlobalSection
	GlobalSection(SolutionProperties) = preSolution
		HideSolutionNode = FALSE
	EndGlobalSection
	GlobalSection(ExtensibilityGlobals) = postSolution
		SolutionGuid = {D76E7BEF-7102-4729-B2E1-169777C10FD8}
	EndGlobalSection
EndGlobal
