
Microsoft Visual Studio Solution File, Format Version 12.00
# Visual Studio Version 16
VisualStudioVersion = 16.0.30717.126
MinimumVisualStudioVersion = 10.0.40219.1
Project("{FAE04EC0-301F-11D3-BF4B-00C04F79EFBC}") = "MatchFullName", "MatchFullName\MatchFullName.csproj", "{F807FB44-7A2C-4C99-B122-15115BEA5384}"
EndProject
Project("{FAE04EC0-301F-11D3-BF4B-00C04F79EFBC}") = "MatchPhoneNumber", "MatchPhoneNumber\MatchPhoneNumber.csproj", "{DE57FAC5-98E3-4A44-9FA6-2201A6F82168}"
EndProject
Global
	GlobalSection(SolutionConfigurationPlatforms) = preSolution
		Debug|Any CPU = Debug|Any CPU
		Release|Any CPU = Release|Any CPU
	EndGlobalSection
	GlobalSection(ProjectConfigurationPlatforms) = postSolution
		{F807FB44-7A2C-4C99-B122-15115BEA5384}.Debug|Any CPU.ActiveCfg = Debug|Any CPU
		{F807FB44-7A2C-4C99-B122-15115BEA5384}.Debug|Any CPU.Build.0 = Debug|Any CPU
		{F807FB44-7A2C-4C99-B122-15115BEA5384}.Release|Any CPU.ActiveCfg = Release|Any CPU
		{F807FB44-7A2C-4C99-B122-15115BEA5384}.Release|Any CPU.Build.0 = Release|Any CPU
		{DE57FAC5-98E3-4A44-9FA6-2201A6F82168}.Debug|Any CPU.ActiveCfg = Debug|Any CPU
		{DE57FAC5-98E3-4A44-9FA6-2201A6F82168}.Debug|Any CPU.Build.0 = Debug|Any CPU
		{DE57FAC5-98E3-4A44-9FA6-2201A6F82168}.Release|Any CPU.ActiveCfg = Release|Any CPU
		{DE57FAC5-98E3-4A44-9FA6-2201A6F82168}.Release|Any CPU.Build.0 = Release|Any CPU
	EndGlobalSection
	GlobalSection(SolutionProperties) = preSolution
		HideSolutionNode = FALSE
	EndGlobalSection
	GlobalSection(ExtensibilityGlobals) = postSolution
		SolutionGuid = {95514763-85F8-43A6-9766-6244FDBF30BB}
	EndGlobalSection
EndGlobal
