
Microsoft Visual Studio Solution File, Format Version 12.00
# Visual Studio Version 17
VisualStudioVersion = 17.2.32616.157
MinimumVisualStudioVersion = 10.0.40219.1
Project("{FAE04EC0-301F-11D3-BF4B-00C04F79EFBC}") = "Trains", "Trains\Trains.csproj", "{3FD2A5D8-A26B-4E80-894A-D1A6335F512B}"
EndProject
Project("{FAE04EC0-301F-11D3-BF4B-00C04F79EFBC}") = "Guards", "Guards\Guards.csproj", "{C5777B28-E2D1-4244-9E15-3F96E6267950}"
EndProject
Project("{FAE04EC0-301F-11D3-BF4B-00C04F79EFBC}") = "ConditionalExpressionResolver", "ConditionalExpressionResolver\ConditionalExpressionResolver.csproj", "{E5A1A152-65C6-4347-897E-8987A218C444}"
EndProject
Global
	GlobalSection(SolutionConfigurationPlatforms) = preSolution
		Debug|Any CPU = Debug|Any CPU
		Release|Any CPU = Release|Any CPU
	EndGlobalSection
	GlobalSection(ProjectConfigurationPlatforms) = postSolution
		{3FD2A5D8-A26B-4E80-894A-D1A6335F512B}.Debug|Any CPU.ActiveCfg = Debug|Any CPU
		{3FD2A5D8-A26B-4E80-894A-D1A6335F512B}.Debug|Any CPU.Build.0 = Debug|Any CPU
		{3FD2A5D8-A26B-4E80-894A-D1A6335F512B}.Release|Any CPU.ActiveCfg = Release|Any CPU
		{3FD2A5D8-A26B-4E80-894A-D1A6335F512B}.Release|Any CPU.Build.0 = Release|Any CPU
		{C5777B28-E2D1-4244-9E15-3F96E6267950}.Debug|Any CPU.ActiveCfg = Debug|Any CPU
		{C5777B28-E2D1-4244-9E15-3F96E6267950}.Debug|Any CPU.Build.0 = Debug|Any CPU
		{C5777B28-E2D1-4244-9E15-3F96E6267950}.Release|Any CPU.ActiveCfg = Release|Any CPU
		{C5777B28-E2D1-4244-9E15-3F96E6267950}.Release|Any CPU.Build.0 = Release|Any CPU
		{E5A1A152-65C6-4347-897E-8987A218C444}.Debug|Any CPU.ActiveCfg = Debug|Any CPU
		{E5A1A152-65C6-4347-897E-8987A218C444}.Debug|Any CPU.Build.0 = Debug|Any CPU
		{E5A1A152-65C6-4347-897E-8987A218C444}.Release|Any CPU.ActiveCfg = Release|Any CPU
		{E5A1A152-65C6-4347-897E-8987A218C444}.Release|Any CPU.Build.0 = Release|Any CPU
	EndGlobalSection
	GlobalSection(SolutionProperties) = preSolution
		HideSolutionNode = FALSE
	EndGlobalSection
	GlobalSection(ExtensibilityGlobals) = postSolution
		SolutionGuid = {042446ED-1912-4D6A-AB00-3E3C72203CA6}
	EndGlobalSection
EndGlobal
