
Microsoft Visual Studio Solution File, Format Version 12.00
# Visual Studio Version 16
VisualStudioVersion = 16.0.29905.134
MinimumVisualStudioVersion = 10.0.40219.1
Project("{FAE04EC0-301F-11D3-BF4B-00C04F79EFBC}") = "1.HelloSoftUni", "1.HelloSoftUni\1.HelloSoftUni.csproj", "{3567AEED-9B3D-4F39-9754-4D329509633A}"
EndProject
Project("{FAE04EC0-301F-11D3-BF4B-00C04F79EFBC}") = "2.Expresssion", "2.Expresssion\2.Expresssion.csproj", "{E4680D25-6BBA-4FC3-91E1-B0535EB82DAF}"
EndProject
Project("{FAE04EC0-301F-11D3-BF4B-00C04F79EFBC}") = "3.Nums1To10", "Nums1To10\3.Nums1To10.csproj", "{1111ADF4-F146-4878-9B17-90495070F3B6}"
EndProject
Project("{FAE04EC0-301F-11D3-BF4B-00C04F79EFBC}") = "4.Rectangle Area", "4.Rectangle Area\4.Rectangle Area.csproj", "{8C3A7010-A1C2-4A94-8912-390D9FC29185}"
EndProject
Global
	GlobalSection(SolutionConfigurationPlatforms) = preSolution
		Debug|Any CPU = Debug|Any CPU
		Release|Any CPU = Release|Any CPU
	EndGlobalSection
	GlobalSection(ProjectConfigurationPlatforms) = postSolution
		{3567AEED-9B3D-4F39-9754-4D329509633A}.Debug|Any CPU.ActiveCfg = Debug|Any CPU
		{3567AEED-9B3D-4F39-9754-4D329509633A}.Debug|Any CPU.Build.0 = Debug|Any CPU
		{3567AEED-9B3D-4F39-9754-4D329509633A}.Release|Any CPU.ActiveCfg = Release|Any CPU
		{3567AEED-9B3D-4F39-9754-4D329509633A}.Release|Any CPU.Build.0 = Release|Any CPU
		{E4680D25-6BBA-4FC3-91E1-B0535EB82DAF}.Debug|Any CPU.ActiveCfg = Debug|Any CPU
		{E4680D25-6BBA-4FC3-91E1-B0535EB82DAF}.Debug|Any CPU.Build.0 = Debug|Any CPU
		{E4680D25-6BBA-4FC3-91E1-B0535EB82DAF}.Release|Any CPU.ActiveCfg = Release|Any CPU
		{E4680D25-6BBA-4FC3-91E1-B0535EB82DAF}.Release|Any CPU.Build.0 = Release|Any CPU
		{1111ADF4-F146-4878-9B17-90495070F3B6}.Debug|Any CPU.ActiveCfg = Debug|Any CPU
		{1111ADF4-F146-4878-9B17-90495070F3B6}.Debug|Any CPU.Build.0 = Debug|Any CPU
		{1111ADF4-F146-4878-9B17-90495070F3B6}.Release|Any CPU.ActiveCfg = Release|Any CPU
		{1111ADF4-F146-4878-9B17-90495070F3B6}.Release|Any CPU.Build.0 = Release|Any CPU
		{8C3A7010-A1C2-4A94-8912-390D9FC29185}.Debug|Any CPU.ActiveCfg = Debug|Any CPU
		{8C3A7010-A1C2-4A94-8912-390D9FC29185}.Debug|Any CPU.Build.0 = Debug|Any CPU
		{8C3A7010-A1C2-4A94-8912-390D9FC29185}.Release|Any CPU.ActiveCfg = Release|Any CPU
		{8C3A7010-A1C2-4A94-8912-390D9FC29185}.Release|Any CPU.Build.0 = Release|Any CPU
	EndGlobalSection
	GlobalSection(SolutionProperties) = preSolution
		HideSolutionNode = FALSE
	EndGlobalSection
	GlobalSection(ExtensibilityGlobals) = postSolution
		SolutionGuid = {DAF6FC14-41CE-4A2F-AEC7-4217CD884413}
	EndGlobalSection
EndGlobal
