
Microsoft Visual Studio Solution File, Format Version 12.00
# Visual Studio Version 16
VisualStudioVersion = 16.0.30717.126
MinimumVisualStudioVersion = 10.0.40219.1
Project("{FAE04EC0-301F-11D3-BF4B-00C04F79EFBC}") = "ExtractPersonInformation", "ExtractPersonInformation\ExtractPersonInformation.csproj", "{DC05D44B-18C3-4BB2-8B3D-9828B7D215DF}"
EndProject
Project("{FAE04EC0-301F-11D3-BF4B-00C04F79EFBC}") = "AsciiSumator", "AsciiSumator\AsciiSumator.csproj", "{4DDDF39C-80C0-42DE-921F-7EC426D37719}"
EndProject
Global
	GlobalSection(SolutionConfigurationPlatforms) = preSolution
		Debug|Any CPU = Debug|Any CPU
		Release|Any CPU = Release|Any CPU
	EndGlobalSection
	GlobalSection(ProjectConfigurationPlatforms) = postSolution
		{DC05D44B-18C3-4BB2-8B3D-9828B7D215DF}.Debug|Any CPU.ActiveCfg = Debug|Any CPU
		{DC05D44B-18C3-4BB2-8B3D-9828B7D215DF}.Debug|Any CPU.Build.0 = Debug|Any CPU
		{DC05D44B-18C3-4BB2-8B3D-9828B7D215DF}.Release|Any CPU.ActiveCfg = Release|Any CPU
		{DC05D44B-18C3-4BB2-8B3D-9828B7D215DF}.Release|Any CPU.Build.0 = Release|Any CPU
		{4DDDF39C-80C0-42DE-921F-7EC426D37719}.Debug|Any CPU.ActiveCfg = Debug|Any CPU
		{4DDDF39C-80C0-42DE-921F-7EC426D37719}.Debug|Any CPU.Build.0 = Debug|Any CPU
		{4DDDF39C-80C0-42DE-921F-7EC426D37719}.Release|Any CPU.ActiveCfg = Release|Any CPU
		{4DDDF39C-80C0-42DE-921F-7EC426D37719}.Release|Any CPU.Build.0 = Release|Any CPU
	EndGlobalSection
	GlobalSection(SolutionProperties) = preSolution
		HideSolutionNode = FALSE
	EndGlobalSection
	GlobalSection(ExtensibilityGlobals) = postSolution
		SolutionGuid = {05296D3A-97AC-4FBD-BEB5-D6A85C1218EA}
	EndGlobalSection
EndGlobal
